
Microsoft Visual Studio Solution File, Format Version 12.00
# Visual Studio Version 16
VisualStudioVersion = 16.0.30717.126
MinimumVisualStudioVersion = 10.0.40219.1
Project("{FAE04EC0-301F-11D3-BF4B-00C04F79EFBC}") = "WPF_MVVM", "WPF_MVVM.csproj", "{C644C0AC-5D44-402F-920C-26C1BAC5FB8E}"
EndProject
Global
	GlobalSection(SolutionConfigurationPlatforms) = preSolution
		Debug|Any CPU = Debug|Any CPU
		Release|Any CPU = Release|Any CPU
	EndGlobalSection
	GlobalSection(ProjectConfigurationPlatforms) = postSolution
		{C644C0AC-5D44-402F-920C-26C1BAC5FB8E}.Debug|Any CPU.ActiveCfg = Debug|Any CPU
		{C644C0AC-5D44-402F-920C-26C1BAC5FB8E}.Debug|Any CPU.Build.0 = Debug|Any CPU
		{C644C0AC-5D44-402F-920C-26C1BAC5FB8E}.Release|Any CPU.ActiveCfg = Release|Any CPU
		{C644C0AC-5D44-402F-920C-26C1BAC5FB8E}.Release|Any CPU.Build.0 = Release|Any CPU
	EndGlobalSection
	GlobalSection(SolutionProperties) = preSolution
		HideSolutionNode = FALSE
	EndGlobalSection
	GlobalSection(ExtensibilityGlobals) = postSolution
		SolutionGuid = {C94D2A72-C2C9-4D62-9769-5FCCC08FAFE2}
	EndGlobalSection
EndGlobal
